// !$*UTF8*$!
{
	archiveVersion = 1;
	classes = {
	};
	objectVersion = 55;
	objects = {

/* Begin PBXBuildFile section */
		25C59CD028B58A8200B29982 /* AppDelegate.swift in Sources */ = {isa = PBXBuildFile; fileRef = 25C59CCF28B58A8200B29982 /* AppDelegate.swift */; };
		25C59CD228B58A8200B29982 /* SceneDelegate.swift in Sources */ = {isa = PBXBuildFile; fileRef = 25C59CD128B58A8200B29982 /* SceneDelegate.swift */; };
		25C59CD428B58A8200B29982 /* ViewController.swift in Sources */ = {isa = PBXBuildFile; fileRef = 25C59CD328B58A8200B29982 /* ViewController.swift */; };
		25C59CD728B58A8200B29982 /* Main.storyboard in Resources */ = {isa = PBXBuildFile; fileRef = 25C59CD528B58A8200B29982 /* Main.storyboard */; };
		25C59CD928B58A9200B29982 /* Assets.xcassets in Resources */ = {isa = PBXBuildFile; fileRef = 25C59CD828B58A9200B29982 /* Assets.xcassets */; };
		25C59CDC28B58A9200B29982 /* LaunchScreen.storyboard in Resources */ = {isa = PBXBuildFile; fileRef = 25C59CDA28B58A9200B29982 /* LaunchScreen.storyboard */; };
		25C59CE728B58A9300B29982 /* Currency_ConverterTests.swift in Sources */ = {isa = PBXBuildFile; fileRef = 25C59CE628B58A9300B29982 /* Currency_ConverterTests.swift */; };
		25C59CF128B58A9300B29982 /* Currency_ConverterUITests.swift in Sources */ = {isa = PBXBuildFile; fileRef = 25C59CF028B58A9300B29982 /* Currency_ConverterUITests.swift */; };
		25C59CF328B58A9300B29982 /* Currency_ConverterUITestsLaunchTests.swift in Sources */ = {isa = PBXBuildFile; fileRef = 25C59CF228B58A9300B29982 /* Currency_ConverterUITestsLaunchTests.swift */; };
		25C59D0028B594D100B29982 /* NetworkManager.swift in Sources */ = {isa = PBXBuildFile; fileRef = 25C59CFF28B594D100B29982 /* NetworkManager.swift */; };
		25C59D0228B8ECF900B29982 /* ConvertViewController.swift in Sources */ = {isa = PBXBuildFile; fileRef = 25C59D0128B8ECF700B29982 /* ConvertViewController.swift */; };
		25C59D0428B8ED0D00B29982 /* SuccessViewController.swift in Sources */ = {isa = PBXBuildFile; fileRef = 25C59D0328B8ED0D00B29982 /* SuccessViewController.swift */; };
/* End PBXBuildFile section */

/* Begin PBXContainerItemProxy section */
		25C59CE328B58A9300B29982 /* PBXContainerItemProxy */ = {
			isa = PBXContainerItemProxy;
			containerPortal = 25C59CC428B58A8100B29982 /* Project object */;
			proxyType = 1;
			remoteGlobalIDString = 25C59CCB28B58A8100B29982;
			remoteInfo = "Currency Converter";
		};
		25C59CED28B58A9300B29982 /* PBXContainerItemProxy */ = {
			isa = PBXContainerItemProxy;
			containerPortal = 25C59CC428B58A8100B29982 /* Project object */;
			proxyType = 1;
			remoteGlobalIDString = 25C59CCB28B58A8100B29982;
			remoteInfo = "Currency Converter";
		};
/* End PBXContainerItemProxy section */

/* Begin PBXFileReference section */
		25C59CCC28B58A8200B29982 /* Currency Converter.app */ = {isa = PBXFileReference; explicitFileType = wrapper.application; includeInIndex = 0; path = "Currency Converter.app"; sourceTree = BUILT_PRODUCTS_DIR; };
		25C59CCF28B58A8200B29982 /* AppDelegate.swift */ = {isa = PBXFileReference; lastKnownFileType = sourcecode.swift; path = AppDelegate.swift; sourceTree = "<group>"; };
		25C59CD128B58A8200B29982 /* SceneDelegate.swift */ = {isa = PBXFileReference; lastKnownFileType = sourcecode.swift; path = SceneDelegate.swift; sourceTree = "<group>"; };
		25C59CD328B58A8200B29982 /* ViewController.swift */ = {isa = PBXFileReference; lastKnownFileType = sourcecode.swift; path = ViewController.swift; sourceTree = "<group>"; };
		25C59CD628B58A8200B29982 /* Base */ = {isa = PBXFileReference; lastKnownFileType = file.storyboard; name = Base; path = Base.lproj/Main.storyboard; sourceTree = "<group>"; };
		25C59CD828B58A9200B29982 /* Assets.xcassets */ = {isa = PBXFileReference; lastKnownFileType = folder.assetcatalog; path = Assets.xcassets; sourceTree = "<group>"; };
		25C59CDB28B58A9200B29982 /* Base */ = {isa = PBXFileReference; lastKnownFileType = file.storyboard; name = Base; path = Base.lproj/LaunchScreen.storyboard; sourceTree = "<group>"; };
		25C59CDD28B58A9200B29982 /* Info.plist */ = {isa = PBXFileReference; lastKnownFileType = text.plist.xml; path = Info.plist; sourceTree = "<group>"; };
		25C59CE228B58A9300B29982 /* Currency ConverterTests.xctest */ = {isa = PBXFileReference; explicitFileType = wrapper.cfbundle; includeInIndex = 0; path = "Currency ConverterTests.xctest"; sourceTree = BUILT_PRODUCTS_DIR; };
		25C59CE628B58A9300B29982 /* Currency_ConverterTests.swift */ = {isa = PBXFileReference; lastKnownFileType = sourcecode.swift; path = Currency_ConverterTests.swift; sourceTree = "<group>"; };
		25C59CEC28B58A9300B29982 /* Currency ConverterUITests.xctest */ = {isa = PBXFileReference; explicitFileType = wrapper.cfbundle; includeInIndex = 0; path = "Currency ConverterUITests.xctest"; sourceTree = BUILT_PRODUCTS_DIR; };
		25C59CF028B58A9300B29982 /* Currency_ConverterUITests.swift */ = {isa = PBXFileReference; lastKnownFileType = sourcecode.swift; path = Currency_ConverterUITests.swift; sourceTree = "<group>"; };
		25C59CF228B58A9300B29982 /* Currency_ConverterUITestsLaunchTests.swift */ = {isa = PBXFileReference; lastKnownFileType = sourcecode.swift; path = Currency_ConverterUITestsLaunchTests.swift; sourceTree = "<group>"; };
		25C59CFF28B594D100B29982 /* NetworkManager.swift */ = {isa = PBXFileReference; lastKnownFileType = sourcecode.swift; path = NetworkManager.swift; sourceTree = "<group>"; };
		25C59D0128B8ECF700B29982 /* ConvertViewController.swift */ = {isa = PBXFileReference; lastKnownFileType = sourcecode.swift; path = ConvertViewController.swift; sourceTree = "<group>"; };
		25C59D0328B8ED0D00B29982 /* SuccessViewController.swift */ = {isa = PBXFileReference; lastKnownFileType = sourcecode.swift; path = SuccessViewController.swift; sourceTree = "<group>"; };
/* End PBXFileReference section */

/* Begin PBXFrameworksBuildPhase section */
		25C59CC928B58A8100B29982 /* Frameworks */ = {
			isa = PBXFrameworksBuildPhase;
			buildActionMask = 2147483647;
			files = (
			);
			runOnlyForDeploymentPostprocessing = 0;
		};
		25C59CDF28B58A9300B29982 /* Frameworks */ = {
			isa = PBXFrameworksBuildPhase;
			buildActionMask = 2147483647;
			files = (
			);
			runOnlyForDeploymentPostprocessing = 0;
		};
		25C59CE928B58A9300B29982 /* Frameworks */ = {
			isa = PBXFrameworksBuildPhase;
			buildActionMask = 2147483647;
			files = (
			);
			runOnlyForDeploymentPostprocessing = 0;
		};
/* End PBXFrameworksBuildPhase section */

/* Begin PBXGroup section */
		25C59CC328B58A8100B29982 = {
			isa = PBXGroup;
			children = (
				25C59CCE28B58A8200B29982 /* Currency Converter */,
				25C59CE528B58A9300B29982 /* Currency ConverterTests */,
				25C59CEF28B58A9300B29982 /* Currency ConverterUITests */,
				25C59CCD28B58A8200B29982 /* Products */,
			);
			sourceTree = "<group>";
		};
		25C59CCD28B58A8200B29982 /* Products */ = {
			isa = PBXGroup;
			children = (
				25C59CCC28B58A8200B29982 /* Currency Converter.app */,
				25C59CE228B58A9300B29982 /* Currency ConverterTests.xctest */,
				25C59CEC28B58A9300B29982 /* Currency ConverterUITests.xctest */,
			);
			name = Products;
			sourceTree = "<group>";
		};
		25C59CCE28B58A8200B29982 /* Currency Converter */ = {
			isa = PBXGroup;
			children = (
				25C59CCF28B58A8200B29982 /* AppDelegate.swift */,
				25C59CD128B58A8200B29982 /* SceneDelegate.swift */,
				25C59CD328B58A8200B29982 /* ViewController.swift */,
				25C59CD528B58A8200B29982 /* Main.storyboard */,
				25C59CD828B58A9200B29982 /* Assets.xcassets */,
				25C59CDA28B58A9200B29982 /* LaunchScreen.storyboard */,
				25C59CDD28B58A9200B29982 /* Info.plist */,
				25C59CFF28B594D100B29982 /* NetworkManager.swift */,
				25C59D0128B8ECF700B29982 /* ConvertViewController.swift */,
				25C59D0328B8ED0D00B29982 /* SuccessViewController.swift */,
			);
			path = "Currency Converter";
			sourceTree = "<group>";
		};
		25C59CE528B58A9300B29982 /* Currency ConverterTests */ = {
			isa = PBXGroup;
			children = (
				25C59CE628B58A9300B29982 /* Currency_ConverterTests.swift */,
			);
			path = "Currency ConverterTests";
			sourceTree = "<group>";
		};
		25C59CEF28B58A9300B29982 /* Currency ConverterUITests */ = {
			isa = PBXGroup;
			children = (
				25C59CF028B58A9300B29982 /* Currency_ConverterUITests.swift */,
				25C59CF228B58A9300B29982 /* Currency_ConverterUITestsLaunchTests.swift */,
			);
			path = "Currency ConverterUITests";
			sourceTree = "<group>";
		};
/* End PBXGroup section */

/* Begin PBXNativeTarget section */
		25C59CCB28B58A8100B29982 /* Currency Converter */ = {
			isa = PBXNativeTarget;
			buildConfigurationList = 25C59CF628B58A9300B29982 /* Build configuration list for PBXNativeTarget "Currency Converter" */;
			buildPhases = (
				25C59CC828B58A8100B29982 /* Sources */,
				25C59CC928B58A8100B29982 /* Frameworks */,
				25C59CCA28B58A8100B29982 /* Resources */,
			);
			buildRules = (
			);
			dependencies = (
			);
			name = "Currency Converter";
			productName = "Currency Converter";
			productReference = 25C59CCC28B58A8200B29982 /* Currency Converter.app */;
			productType = "com.apple.product-type.application";
		};
		25C59CE128B58A9300B29982 /* Currency ConverterTests */ = {
			isa = PBXNativeTarget;
			buildConfigurationList = 25C59CF928B58A9300B29982 /* Build configuration list for PBXNativeTarget "Currency ConverterTests" */;
			buildPhases = (
				25C59CDE28B58A9300B29982 /* Sources */,
				25C59CDF28B58A9300B29982 /* Frameworks */,
				25C59CE028B58A9300B29982 /* Resources */,
			);
			buildRules = (
			);
			dependencies = (
				25C59CE428B58A9300B29982 /* PBXTargetDependency */,
			);
			name = "Currency ConverterTests";
			productName = "Currency ConverterTests";
			productReference = 25C59CE228B58A9300B29982 /* Currency ConverterTests.xctest */;
			productType = "com.apple.product-type.bundle.unit-test";
		};
		25C59CEB28B58A9300B29982 /* Currency ConverterUITests */ = {
			isa = PBXNativeTarget;
			buildConfigurationList = 25C59CFC28B58A9300B29982 /* Build configuration list for PBXNativeTarget "Currency ConverterUITests" */;
			buildPhases = (
				25C59CE828B58A9300B29982 /* Sources */,
				25C59CE928B58A9300B29982 /* Frameworks */,
				25C59CEA28B58A9300B29982 /* Resources */,
			);
			buildRules = (
			);
			dependencies = (
				25C59CEE28B58A9300B29982 /* PBXTargetDependency */,
			);
			name = "Currency ConverterUITests";
			productName = "Currency ConverterUITests";
			productReference = 25C59CEC28B58A9300B29982 /* Currency ConverterUITests.xctest */;
			productType = "com.apple.product-type.bundle.ui-testing";
		};
/* End PBXNativeTarget section */

/* Begin PBXProject section */
		25C59CC428B58A8100B29982 /* Project object */ = {
			isa = PBXProject;
			attributes = {
				BuildIndependentTargetsInParallel = 1;
				LastSwiftUpdateCheck = 1310;
				LastUpgradeCheck = 1310;
				TargetAttributes = {
					25C59CCB28B58A8100B29982 = {
						CreatedOnToolsVersion = 13.1;
					};
					25C59CE128B58A9300B29982 = {
						CreatedOnToolsVersion = 13.1;
						TestTargetID = 25C59CCB28B58A8100B29982;
					};
					25C59CEB28B58A9300B29982 = {
						CreatedOnToolsVersion = 13.1;
						TestTargetID = 25C59CCB28B58A8100B29982;
					};
				};
			};
			buildConfigurationList = 25C59CC728B58A8100B29982 /* Build configuration list for PBXProject "Currency Converter" */;
			compatibilityVersion = "Xcode 13.0";
			developmentRegion = en;
			hasScannedForEncodings = 0;
			knownRegions = (
				en,
				Base,
			);
			mainGroup = 25C59CC328B58A8100B29982;
			productRefGroup = 25C59CCD28B58A8200B29982 /* Products */;
			projectDirPath = "";
			projectRoot = "";
			targets = (
				25C59CCB28B58A8100B29982 /* Currency Converter */,
				25C59CE128B58A9300B29982 /* Currency ConverterTests */,
				25C59CEB28B58A9300B29982 /* Currency ConverterUITests */,
			);
		};
/* End PBXProject section */

/* Begin PBXResourcesBuildPhase section */
		25C59CCA28B58A8100B29982 /* Resources */ = {
			isa = PBXResourcesBuildPhase;
			buildActionMask = 2147483647;
			files = (
				25C59CDC28B58A9200B29982 /* LaunchScreen.storyboard in Resources */,
				25C59CD928B58A9200B29982 /* Assets.xcassets in Resources */,
				25C59CD728B58A8200B29982 /* Main.storyboard in Resources */,
			);
			runOnlyForDeploymentPostprocessing = 0;
		};
		25C59CE028B58A9300B29982 /* Resources */ = {
			isa = PBXResourcesBuildPhase;
			buildActionMask = 2147483647;
			files = (
			);
			runOnlyForDeploymentPostprocessing = 0;
		};
		25C59CEA28B58A9300B29982 /* Resources */ = {
			isa = PBXResourcesBuildPhase;
			buildActionMask = 2147483647;
			files = (
			);
			runOnlyForDeploymentPostprocessing = 0;
		};
/* End PBXResourcesBuildPhase section */

/* Begin PBXSourcesBuildPhase section */
		25C59CC828B58A8100B29982 /* Sources */ = {
			isa = PBXSourcesBuildPhase;
			buildActionMask = 2147483647;
			files = (
				25C59D0028B594D100B29982 /* NetworkManager.swift in Sources */,
				25C59CD428B58A8200B29982 /* ViewController.swift in Sources */,
				25C59D0228B8ECF900B29982 /* ConvertViewController.swift in Sources */,
				25C59CD028B58A8200B29982 /* AppDelegate.swift in Sources */,
				25C59D0428B8ED0D00B29982 /* SuccessViewController.swift in Sources */,
				25C59CD228B58A8200B29982 /* SceneDelegate.swift in Sources */,
			);
			runOnlyForDeploymentPostprocessing = 0;
		};
		25C59CDE28B58A9300B29982 /* Sources */ = {
			isa = PBXSourcesBuildPhase;
			buildActionMask = 2147483647;
			files = (
				25C59CE728B58A9300B29982 /* Currency_ConverterTests.swift in Sources */,
			);
			runOnlyForDeploymentPostprocessing = 0;
		};
		25C59CE828B58A9300B29982 /* Sources */ = {
			isa = PBXSourcesBuildPhase;
			buildActionMask = 2147483647;
			files = (
				25C59CF328B58A9300B29982 /* Currency_ConverterUITestsLaunchTests.swift in Sources */,
				25C59CF128B58A9300B29982 /* Currency_ConverterUITests.swift in Sources */,
			);
			runOnlyForDeploymentPostprocessing = 0;
		};
/* End PBXSourcesBuildPhase section */

/* Begin PBXTargetDependency section */
		25C59CE428B58A9300B29982 /* PBXTargetDependency */ = {
			isa = PBXTargetDependency;
			target = 25C59CCB28B58A8100B29982 /* Currency Converter */;
			targetProxy = 25C59CE328B58A9300B29982 /* PBXContainerItemProxy */;
		};
		25C59CEE28B58A9300B29982 /* PBXTargetDependency */ = {
			isa = PBXTargetDependency;
			target = 25C59CCB28B58A8100B29982 /* Currency Converter */;
			targetProxy = 25C59CED28B58A9300B29982 /* PBXContainerItemProxy */;
		};
/* End PBXTargetDependency section */

/* Begin PBXVariantGroup section */
		25C59CD528B58A8200B29982 /* Main.storyboard */ = {
			isa = PBXVariantGroup;
			children = (
				25C59CD628B58A8200B29982 /* Base */,
			);
			name = Main.storyboard;
			sourceTree = "<group>";
		};
		25C59CDA28B58A9200B29982 /* LaunchScreen.storyboard */ = {
			isa = PBXVariantGroup;
			children = (
				25C59CDB28B58A9200B29982 /* Base */,
			);
			name = LaunchScreen.storyboard;
			sourceTree = "<group>";
		};
/* End PBXVariantGroup section */

/* Begin XCBuildConfiguration section */
		25C59CF428B58A9300B29982 /* Debug */ = {
			isa = XCBuildConfiguration;
			buildSettings = {
				ALWAYS_SEARCH_USER_PATHS = NO;
				CLANG_ANALYZER_NONNULL = YES;
				CLANG_ANALYZER_NUMBER_OBJECT_CONVERSION = YES_AGGRESSIVE;
				CLANG_CXX_LANGUAGE_STANDARD = "gnu++17";
				CLANG_CXX_LIBRARY = "libc++";
				CLANG_ENABLE_MODULES = YES;
				CLANG_ENABLE_OBJC_ARC = YES;
				CLANG_ENABLE_OBJC_WEAK = YES;
				CLANG_WARN_BLOCK_CAPTURE_AUTORELEASING = YES;
				CLANG_WARN_BOOL_CONVERSION = YES;
				CLANG_WARN_COMMA = YES;
				CLANG_WARN_CONSTANT_CONVERSION = YES;
				CLANG_WARN_DEPRECATED_OBJC_IMPLEMENTATIONS = YES;
				CLANG_WARN_DIRECT_OBJC_ISA_USAGE = YES_ERROR;
				CLANG_WARN_DOCUMENTATION_COMMENTS = YES;
				CLANG_WARN_EMPTY_BODY = YES;
				CLANG_WARN_ENUM_CONVERSION = YES;
				CLANG_WARN_INFINITE_RECURSION = YES;
				CLANG_WARN_INT_CONVERSION = YES;
				CLANG_WARN_NON_LITERAL_NULL_CONVERSION = YES;
				CLANG_WARN_OBJC_IMPLICIT_RETAIN_SELF = YES;
				CLANG_WARN_OBJC_LITERAL_CONVERSION = YES;
				CLANG_WARN_OBJC_ROOT_CLASS = YES_ERROR;
				CLANG_WARN_QUOTED_INCLUDE_IN_FRAMEWORK_HEADER = YES;
				CLANG_WARN_RANGE_LOOP_ANALYSIS = YES;
				CLANG_WARN_STRICT_PROTOTYPES = YES;
				CLANG_WARN_SUSPICIOUS_MOVE = YES;
				CLANG_WARN_UNGUARDED_AVAILABILITY = YES_AGGRESSIVE;
				CLANG_WARN_UNREACHABLE_CODE = YES;
				CLANG_WARN__DUPLICATE_METHOD_MATCH = YES;
				COPY_PHASE_STRIP = NO;
				DEBUG_INFORMATION_FORMAT = dwarf;
				ENABLE_STRICT_OBJC_MSGSEND = YES;
				ENABLE_TESTABILITY = YES;
				GCC_C_LANGUAGE_STANDARD = gnu11;
				GCC_DYNAMIC_NO_PIC = NO;
				GCC_NO_COMMON_BLOCKS = YES;
				GCC_OPTIMIZATION_LEVEL = 0;
				GCC_PREPROCESSOR_DEFINITIONS = (
					"DEBUG=1",
					"$(inherited)",
				);
				GCC_WARN_64_TO_32_BIT_CONVERSION = YES;
				GCC_WARN_ABOUT_RETURN_TYPE = YES_ERROR;
				GCC_WARN_UNDECLARED_SELECTOR = YES;
				GCC_WARN_UNINITIALIZED_AUTOS = YES_AGGRESSIVE;
				GCC_WARN_UNUSED_FUNCTION = YES;
				GCC_WARN_UNUSED_VARIABLE = YES;
				IPHONEOS_DEPLOYMENT_TARGET = 15.0;
				MTL_ENABLE_DEBUG_INFO = INCLUDE_SOURCE;
				MTL_FAST_MATH = YES;
				ONLY_ACTIVE_ARCH = YES;
				SDKROOT = iphoneos;
				SWIFT_ACTIVE_COMPILATION_CONDITIONS = DEBUG;
				SWIFT_OPTIMIZATION_LEVEL = "-Onone";
			};
			name = Debug;
		};
		25C59CF528B58A9300B29982 /* Release */ = {
			isa = XCBuildConfiguration;
			buildSettings = {
				ALWAYS_SEARCH_USER_PATHS = NO;
				CLANG_ANALYZER_NONNULL = YES;
				CLANG_ANALYZER_NUMBER_OBJECT_CONVERSION = YES_AGGRESSIVE;
				CLANG_CXX_LANGUAGE_STANDARD = "gnu++17";
				CLANG_CXX_LIBRARY = "libc++";
				CLANG_ENABLE_MODULES = YES;
				CLANG_ENABLE_OBJC_ARC = YES;
				CLANG_ENABLE_OBJC_WEAK = YES;
				CLANG_WARN_BLOCK_CAPTURE_AUTORELEASING = YES;
				CLANG_WARN_BOOL_CONVERSION = YES;
				CLANG_WARN_COMMA = YES;
				CLANG_WARN_CONSTANT_CONVERSION = YES;
				CLANG_WARN_DEPRECATED_OBJC_IMPLEMENTATIONS = YES;
				CLANG_WARN_DIRECT_OBJC_ISA_USAGE = YES_ERROR;
				CLANG_WARN_DOCUMENTATION_COMMENTS = YES;
				CLANG_WARN_EMPTY_BODY = YES;
				CLANG_WARN_ENUM_CONVERSION = YES;
				CLANG_WARN_INFINITE_RECURSION = YES;
				CLANG_WARN_INT_CONVERSION = YES;
				CLANG_WARN_NON_LITERAL_NULL_CONVERSION = YES;
				CLANG_WARN_OBJC_IMPLICIT_RETAIN_SELF = YES;
				CLANG_WARN_OBJC_LITERAL_CONVERSION = YES;
				CLANG_WARN_OBJC_ROOT_CLASS = YES_ERROR;
				CLANG_WARN_QUOTED_INCLUDE_IN_FRAMEWORK_HEADER = YES;
				CLANG_WARN_RANGE_LOOP_ANALYSIS = YES;
				CLANG_WARN_STRICT_PROTOTYPES = YES;
				CLANG_WARN_SUSPICIOUS_MOVE = YES;
				CLANG_WARN_UNGUARDED_AVAILABILITY = YES_AGGRESSIVE;
				CLANG_WARN_UNREACHABLE_CODE = YES;
				CLANG_WARN__DUPLICATE_METHOD_MATCH = YES;
				COPY_PHASE_STRIP = NO;
				DEBUG_INFORMATION_FORMAT = "dwarf-with-dsym";
				ENABLE_NS_ASSERTIONS = NO;
				ENABLE_STRICT_OBJC_MSGSEND = YES;
				GCC_C_LANGUAGE_STANDARD = gnu11;
				GCC_NO_COMMON_BLOCKS = YES;
				GCC_WARN_64_TO_32_BIT_CONVERSION = YES;
				GCC_WARN_ABOUT_RETURN_TYPE = YES_ERROR;
				GCC_WARN_UNDECLARED_SELECTOR = YES;
				GCC_WARN_UNINITIALIZED_AUTOS = YES_AGGRESSIVE;
				GCC_WARN_UNUSED_FUNCTION = YES;
				GCC_WARN_UNUSED_VARIABLE = YES;
				IPHONEOS_DEPLOYMENT_TARGET = 15.0;
				MTL_ENABLE_DEBUG_INFO = NO;
				MTL_FAST_MATH = YES;
				SDKROOT = iphoneos;
				SWIFT_COMPILATION_MODE = wholemodule;
				SWIFT_OPTIMIZATION_LEVEL = "-O";
				VALIDATE_PRODUCT = YES;
			};
			name = Release;
		};
		25C59CF728B58A9300B29982 /* Debug */ = {
			isa = XCBuildConfiguration;
			buildSettings = {
				ASSETCATALOG_COMPILER_APPICON_NAME = AppIcon;
				ASSETCATALOG_COMPILER_GLOBAL_ACCENT_COLOR_NAME = AccentColor;
				CODE_SIGN_STYLE = Automatic;
				CURRENT_PROJECT_VERSION = 1;
				DEVELOPMENT_TEAM = 6S3RGF89R7;
				GENERATE_INFOPLIST_FILE = YES;
				INFOPLIST_FILE = "Currency Converter/Info.plist";
				INFOPLIST_KEY_UIApplicationSupportsIndirectInputEvents = YES;
				INFOPLIST_KEY_UILaunchStoryboardName = LaunchScreen;
				INFOPLIST_KEY_UIMainStoryboardFile = Main;
				INFOPLIST_KEY_UISupportedInterfaceOrientations_iPad = "UIInterfaceOrientationPortrait UIInterfaceOrientationPortraitUpsideDown UIInterfaceOrientationLandscapeLeft UIInterfaceOrientationLandscapeRight";
				INFOPLIST_KEY_UISupportedInterfaceOrientations_iPhone = "UIInterfaceOrientationPortrait UIInterfaceOrientationLandscapeLeft UIInterfaceOrientationLandscapeRight";
				LD_RUNPATH_SEARCH_PATHS = (
					"$(inherited)",
					"@executable_path/Frameworks",
				);
				MARKETING_VERSION = 1.0;
				PRODUCT_BUNDLE_IDENTIFIER = "com.juhelmiah.Currency-Converter";
				PRODUCT_NAME = "$(TARGET_NAME)";
				SWIFT_EMIT_LOC_STRINGS = YES;
				SWIFT_VERSION = 5.0;
				TARGETED_DEVICE_FAMILY = "1,2";
			};
			name = Debug;
		};
		25C59CF828B58A9300B29982 /* Release */ = {
			isa = XCBuildConfiguration;
			buildSettings = {
				ASSETCATALOG_COMPILER_APPICON_NAME = AppIcon;
				ASSETCATALOG_COMPILER_GLOBAL_ACCENT_COLOR_NAME = AccentColor;
				CODE_SIGN_STYLE = Automatic;
				CURRENT_PROJECT_VERSION = 1;
				DEVELOPMENT_TEAM = 6S3RGF89R7;
				GENERATE_INFOPLIST_FILE = YES;
				INFOPLIST_FILE = "Currency Converter/Info.plist";
				INFOPLIST_KEY_UIApplicationSupportsIndirectInputEvents = YES;
				INFOPLIST_KEY_UILaunchStoryboardName = LaunchScreen;
				INFOPLIST_KEY_UIMainStoryboardFile = Main;
				INFOPLIST_KEY_UISupportedInterfaceOrientations_iPad = "UIInterfaceOrientationPortrait UIInterfaceOrientationPortraitUpsideDown UIInterfaceOrientationLandscapeLeft UIInterfaceOrientationLandscapeRight";
				INFOPLIST_KEY_UISupportedInterfaceOrientations_iPhone = "UIInterfaceOrientationPortrait UIInterfaceOrientationLandscapeLeft UIInterfaceOrientationLandscapeRight";
				LD_RUNPATH_SEARCH_PATHS = (
					"$(inherited)",
					"@executable_path/Frameworks",
				);
				MARKETING_VERSION = 1.0;
				PRODUCT_BUNDLE_IDENTIFIER = "com.juhelmiah.Currency-Converter";
				PRODUCT_NAME = "$(TARGET_NAME)";
				SWIFT_EMIT_LOC_STRINGS = YES;
				SWIFT_VERSION = 5.0;
				TARGETED_DEVICE_FAMILY = "1,2";
			};
			name = Release;
		};
		25C59CFA28B58A9300B29982 /* Debug */ = {
			isa = XCBuildConfiguration;
			buildSettings = {
				ALWAYS_EMBED_SWIFT_STANDARD_LIBRARIES = YES;
				BUNDLE_LOADER = "$(TEST_HOST)";
				CODE_SIGN_STYLE = Automatic;
				CURRENT_PROJECT_VERSION = 1;
				DEVELOPMENT_TEAM = 6S3RGF89R7;
				GENERATE_INFOPLIST_FILE = YES;
				IPHONEOS_DEPLOYMENT_TARGET = 15.0;
				LD_RUNPATH_SEARCH_PATHS = (
					"$(inherited)",
					"@executable_path/Frameworks",
					"@loader_path/Frameworks",
				);
				MARKETING_VERSION = 1.0;
				PRODUCT_BUNDLE_IDENTIFIER = "com.juhelmiah.Currency-ConverterTests";
				PRODUCT_NAME = "$(TARGET_NAME)";
				SWIFT_EMIT_LOC_STRINGS = NO;
				SWIFT_VERSION = 5.0;
				TARGETED_DEVICE_FAMILY = "1,2";
				TEST_HOST = "$(BUILT_PRODUCTS_DIR)/Currency Converter.app/Currency Converter";
			};
			name = Debug;
		};
		25C59CFB28B58A9300B29982 /* Release */ = {
			isa = XCBuildConfiguration;
			buildSettings = {
				ALWAYS_EMBED_SWIFT_STANDARD_LIBRARIES = YES;
				BUNDLE_LOADER = "$(TEST_HOST)";
				CODE_SIGN_STYLE = Automatic;
				CURRENT_PROJECT_VERSION = 1;
				DEVELOPMENT_TEAM = 6S3RGF89R7;
				GENERATE_INFOPLIST_FILE = YES;
				IPHONEOS_DEPLOYMENT_TARGET = 15.0;
				LD_RUNPATH_SEARCH_PATHS = (
					"$(inherited)",
					"@executable_path/Frameworks",
					"@loader_path/Frameworks",
				);
				MARKETING_VERSION = 1.0;
				PRODUCT_BUNDLE_IDENTIFIER = "com.juhelmiah.Currency-ConverterTests";
				PRODUCT_NAME = "$(TARGET_NAME)";
				SWIFT_EMIT_LOC_STRINGS = NO;
				SWIFT_VERSION = 5.0;
				TARGETED_DEVICE_FAMILY = "1,2";
				TEST_HOST = "$(BUILT_PRODUCTS_DIR)/Currency Converter.app/Currency Converter";
			};
			name = Release;
		};
		25C59CFD28B58A9300B29982 /* Debug */ = {
			isa = XCBuildConfiguration;
			buildSettings = {
				ALWAYS_EMBED_SWIFT_STANDARD_LIBRARIES = YES;
				CODE_SIGN_STYLE = Automatic;
				CURRENT_PROJECT_VERSION = 1;
				DEVELOPMENT_TEAM = 6S3RGF89R7;
				GENERATE_INFOPLIST_FILE = YES;
				LD_RUNPATH_SEARCH_PATHS = (
					"$(inherited)",
					"@executable_path/Frameworks",
					"@loader_path/Frameworks",
				);
				MARKETING_VERSION = 1.0;
				PRODUCT_BUNDLE_IDENTIFIER = "com.juhelmiah.Currency-ConverterUITests";
				PRODUCT_NAME = "$(TARGET_NAME)";
				SWIFT_EMIT_LOC_STRINGS = NO;
				SWIFT_VERSION = 5.0;
				TARGETED_DEVICE_FAMILY = "1,2";
				TEST_TARGET_NAME = "Currency Converter";
			};
			name = Debug;
		};
		25C59CFE28B58A9300B29982 /* Release */ = {
			isa = XCBuildConfiguration;
			buildSettings = {
				ALWAYS_EMBED_SWIFT_STANDARD_LIBRARIES = YES;
				CODE_SIGN_STYLE = Automatic;
				CURRENT_PROJECT_VERSION = 1;
				DEVELOPMENT_TEAM = 6S3RGF89R7;
				GENERATE_INFOPLIST_FILE = YES;
				LD_RUNPATH_SEARCH_PATHS = (
					"$(inherited)",
					"@executable_path/Frameworks",
					"@loader_path/Frameworks",
				);
				MARKETING_VERSION = 1.0;
				PRODUCT_BUNDLE_IDENTIFIER = "com.juhelmiah.Currency-ConverterUITests";
				PRODUCT_NAME = "$(TARGET_NAME)";
				SWIFT_EMIT_LOC_STRINGS = NO;
				SWIFT_VERSION = 5.0;
				TARGETED_DEVICE_FAMILY = "1,2";
				TEST_TARGET_NAME = "Currency Converter";
			};
			name = Release;
		};
/* End XCBuildConfiguration section */

/* Begin XCConfigurationList section */
		25C59CC728B58A8100B29982 /* Build configuration list for PBXProject "Currency Converter" */ = {
			isa = XCConfigurationList;
			buildConfigurations = (
				25C59CF428B58A9300B29982 /* Debug */,
				25C59CF528B58A9300B29982 /* Release */,
			);
			defaultConfigurationIsVisible = 0;
			defaultConfigurationName = Release;
		};
		25C59CF628B58A9300B29982 /* Build configuration list for PBXNativeTarget "Currency Converter" */ = {
			isa = XCConfigurationList;
			buildConfigurations = (
				25C59CF728B58A9300B29982 /* Debug */,
				25C59CF828B58A9300B29982 /* Release */,
			);
			defaultConfigurationIsVisible = 0;
			defaultConfigurationName = Release;
		};
		25C59CF928B58A9300B29982 /* Build configuration list for PBXNativeTarget "Currency ConverterTests" */ = {
			isa = XCConfigurationList;
			buildConfigurations = (
				25C59CFA28B58A9300B29982 /* Debug */,
				25C59CFB28B58A9300B29982 /* Release */,
			);
			defaultConfigurationIsVisible = 0;
			defaultConfigurationName = Release;
		};
		25C59CFC28B58A9300B29982 /* Build configuration list for PBXNativeTarget "Currency ConverterUITests" */ = {
			isa = XCConfigurationList;
			buildConfigurations = (
				25C59CFD28B58A9300B29982 /* Debug */,
				25C59CFE28B58A9300B29982 /* Release */,
			);
			defaultConfigurationIsVisible = 0;
			defaultConfigurationName = Release;
		};
/* End XCConfigurationList section */
	};
	rootObject = 25C59CC428B58A8100B29982 /* Project object */;
}
